
Microsoft Visual Studio Solution File, Format Version 12.00
# Visual Studio 15
VisualStudioVersion = 15.0.27703.2035
MinimumVisualStudioVersion = 10.0.40219.1
Project("{FAE04EC0-301F-11D3-BF4B-00C04F79EFBC}") = "V.C.C.A", "V.C.C.A.csproj", "{F485EC5B-1B19-46BE-91F9-320701C8B332}"
EndProject
Global
	GlobalSection(SolutionConfigurationPlatforms) = preSolution
		Debug|Any CPU = Debug|Any CPU
		Release|Any CPU = Release|Any CPU
	EndGlobalSection
	GlobalSection(ProjectConfigurationPlatforms) = postSolution
		{F485EC5B-1B19-46BE-91F9-320701C8B332}.Debug|Any CPU.ActiveCfg = Debug|Any CPU
		{F485EC5B-1B19-46BE-91F9-320701C8B332}.Debug|Any CPU.Build.0 = Debug|Any CPU
		{F485EC5B-1B19-46BE-91F9-320701C8B332}.Release|Any CPU.ActiveCfg = Release|Any CPU
		{F485EC5B-1B19-46BE-91F9-320701C8B332}.Release|Any CPU.Build.0 = Release|Any CPU
	EndGlobalSection
	GlobalSection(SolutionProperties) = preSolution
		HideSolutionNode = FALSE
	EndGlobalSection
	GlobalSection(ExtensibilityGlobals) = postSolution
		SolutionGuid = {693D2800-8232-4F3A-9329-CD7FA99F1E4D}
	EndGlobalSection
EndGlobal
